
Microsoft Visual Studio Solution File, Format Version 12.00
# Visual Studio 2012
Project("{FAE04EC0-301F-11D3-BF4B-00C04F79EFBC}") = "XmlComparer", "XmlComparer\XmlComparer.csproj", "{B93A2D51-B5AD-46FF-A749-634EFB4B1DDB}"
EndProject
Project("{FAE04EC0-301F-11D3-BF4B-00C04F79EFBC}") = "XmlComparer.Tests", "XmlComparer.Tests\XmlComparer.Tests.csproj", "{43953B08-C870-4682-8D73-83D1EB6D789E}"
EndProject
Global
	GlobalSection(SolutionConfigurationPlatforms) = preSolution
		Debug|Any CPU = Debug|Any CPU
		Release|Any CPU = Release|Any CPU
	EndGlobalSection
	GlobalSection(ProjectConfigurationPlatforms) = postSolution
		{B93A2D51-B5AD-46FF-A749-634EFB4B1DDB}.Debug|Any CPU.ActiveCfg = Debug|Any CPU
		{B93A2D51-B5AD-46FF-A749-634EFB4B1DDB}.Debug|Any CPU.Build.0 = Debug|Any CPU
		{B93A2D51-B5AD-46FF-A749-634EFB4B1DDB}.Release|Any CPU.ActiveCfg = Release|Any CPU
		{B93A2D51-B5AD-46FF-A749-634EFB4B1DDB}.Release|Any CPU.Build.0 = Release|Any CPU
		{43953B08-C870-4682-8D73-83D1EB6D789E}.Debug|Any CPU.ActiveCfg = Debug|Any CPU
		{43953B08-C870-4682-8D73-83D1EB6D789E}.Debug|Any CPU.Build.0 = Debug|Any CPU
		{43953B08-C870-4682-8D73-83D1EB6D789E}.Release|Any CPU.ActiveCfg = Release|Any CPU
		{43953B08-C870-4682-8D73-83D1EB6D789E}.Release|Any CPU.Build.0 = Release|Any CPU
	EndGlobalSection
	GlobalSection(SolutionProperties) = preSolution
		HideSolutionNode = FALSE
	EndGlobalSection
EndGlobal
